
Microsoft Visual Studio Solution File, Format Version 12.00
# Visual Studio Version 16
VisualStudioVersion = 16.0.31624.102
MinimumVisualStudioVersion = 10.0.40219.1
Project("{FAE04EC0-301F-11D3-BF4B-00C04F79EFBC}") = "WebService.REST.SistemasDIstribuidos", "WebService.REST.SistemasDIstribuidos\WebService.REST.SistemasDIstribuidos.csproj", "{422ACF88-EB78-4B30-AB88-F1A53D00B0F3}"
EndProject
Global
	GlobalSection(SolutionConfigurationPlatforms) = preSolution
		Debug|Any CPU = Debug|Any CPU
		Release|Any CPU = Release|Any CPU
	EndGlobalSection
	GlobalSection(ProjectConfigurationPlatforms) = postSolution
		{422ACF88-EB78-4B30-AB88-F1A53D00B0F3}.Debug|Any CPU.ActiveCfg = Debug|Any CPU
		{422ACF88-EB78-4B30-AB88-F1A53D00B0F3}.Debug|Any CPU.Build.0 = Debug|Any CPU
		{422ACF88-EB78-4B30-AB88-F1A53D00B0F3}.Release|Any CPU.ActiveCfg = Release|Any CPU
		{422ACF88-EB78-4B30-AB88-F1A53D00B0F3}.Release|Any CPU.Build.0 = Release|Any CPU
	EndGlobalSection
	GlobalSection(SolutionProperties) = preSolution
		HideSolutionNode = FALSE
	EndGlobalSection
	GlobalSection(ExtensibilityGlobals) = postSolution
		SolutionGuid = {979EBC67-1E12-481B-8B82-B0B028E4619A}
	EndGlobalSection
EndGlobal
